
Microsoft Visual Studio Solution File, Format Version 12.00
# Visual Studio 15
VisualStudioVersion = 15.0.27703.2026
MinimumVisualStudioVersion = 10.0.40219.1
Project("{FAE04EC0-301F-11D3-BF4B-00C04F79EFBC}") = "SystemHealthMonitorClient", "SystemHealthMonitorClient.csproj", "{AE2F732B-F4D6-42EC-9214-535936F0A773}"
EndProject
Global
	GlobalSection(SolutionConfigurationPlatforms) = preSolution
		Debug|Any CPU = Debug|Any CPU
		Release|Any CPU = Release|Any CPU
	EndGlobalSection
	GlobalSection(ProjectConfigurationPlatforms) = postSolution
		{AE2F732B-F4D6-42EC-9214-535936F0A773}.Debug|Any CPU.ActiveCfg = Debug|Any CPU
		{AE2F732B-F4D6-42EC-9214-535936F0A773}.Debug|Any CPU.Build.0 = Debug|Any CPU
		{AE2F732B-F4D6-42EC-9214-535936F0A773}.Release|Any CPU.ActiveCfg = Release|Any CPU
		{AE2F732B-F4D6-42EC-9214-535936F0A773}.Release|Any CPU.Build.0 = Release|Any CPU
	EndGlobalSection
	GlobalSection(SolutionProperties) = preSolution
		HideSolutionNode = FALSE
	EndGlobalSection
	GlobalSection(ExtensibilityGlobals) = postSolution
		SolutionGuid = {37021CF8-9985-4116-95FA-19BBAD4B2642}
	EndGlobalSection
EndGlobal
